// !$*UTF8*$!
{
	archiveVersion = 1;
	classes = {
	};
	objectVersion = 46;
	objects = {

/* Begin PBXBuildFile section */
		184646BB1B662C200000C09E /* main.m in Sources */ = {isa = PBXBuildFile; fileRef = 184646BA1B662C200000C09E /* main.m */; };
		184646BE1B662C200000C09E /* AppDelegate.m in Sources */ = {isa = PBXBuildFile; fileRef = 184646BD1B662C200000C09E /* AppDelegate.m */; };
		184646C11B662C200000C09E /* HomeViewController.m in Sources */ = {isa = PBXBuildFile; fileRef = 184646C01B662C200000C09E /* HomeViewController.m */; };
		184646C41B662C200000C09E /* Main.storyboard in Resources */ = {isa = PBXBuildFile; fileRef = 184646C21B662C200000C09E /* Main.storyboard */; };
		184646C61B662C200000C09E /* Images.xcassets in Resources */ = {isa = PBXBuildFile; fileRef = 184646C51B662C200000C09E /* Images.xcassets */; };
		184646C91B662C200000C09E /* LaunchScreen.xib in Resources */ = {isa = PBXBuildFile; fileRef = 184646C71B662C200000C09E /* LaunchScreen.xib */; };
		184646D51B662C200000C09E /* _CMForUserTests.m in Sources */ = {isa = PBXBuildFile; fileRef = 184646D41B662C200000C09E /* _CMForUserTests.m */; };
		184646E21B662FF20000C09E /* CMDataManager.m in Sources */ = {isa = PBXBuildFile; fileRef = 184646E11B662FF20000C09E /* CMDataManager.m */; };
		184646E51B6630990000C09E /* CMAPI.m in Sources */ = {isa = PBXBuildFile; fileRef = 184646E41B6630990000C09E /* CMAPI.m */; };
		47145F87801564A91F1B9EFC /* libPods.a in Frameworks */ = {isa = PBXBuildFile; fileRef = 418335A68BDA326BEB0420AC /* libPods.a */; };
/* End PBXBuildFile section */

/* Begin PBXContainerItemProxy section */
		184646CF1B662C200000C09E /* PBXContainerItemProxy */ = {
			isa = PBXContainerItemProxy;
			containerPortal = 184646AD1B662C200000C09E /* Project object */;
			proxyType = 1;
			remoteGlobalIDString = 184646B41B662C200000C09E;
			remoteInfo = 3CMForUser;
		};
/* End PBXContainerItemProxy section */

/* Begin PBXFileReference section */
		184646B51B662C200000C09E /* 3CMForUser.app */ = {isa = PBXFileReference; explicitFileType = wrapper.application; includeInIndex = 0; path = 3CMForUser.app; sourceTree = BUILT_PRODUCTS_DIR; };
		184646B91B662C200000C09E /* Info.plist */ = {isa = PBXFileReference; lastKnownFileType = text.plist.xml; path = Info.plist; sourceTree = "<group>"; };
		184646BA1B662C200000C09E /* main.m */ = {isa = PBXFileReference; lastKnownFileType = sourcecode.c.objc; path = main.m; sourceTree = "<group>"; };
		184646BC1B662C200000C09E /* AppDelegate.h */ = {isa = PBXFileReference; lastKnownFileType = sourcecode.c.h; path = AppDelegate.h; sourceTree = "<group>"; };
		184646BD1B662C200000C09E /* AppDelegate.m */ = {isa = PBXFileReference; lastKnownFileType = sourcecode.c.objc; path = AppDelegate.m; sourceTree = "<group>"; };
		184646BF1B662C200000C09E /* HomeViewController.h */ = {isa = PBXFileReference; lastKnownFileType = sourcecode.c.h; path = HomeViewController.h; sourceTree = "<group>"; };
		184646C01B662C200000C09E /* HomeViewController.m */ = {isa = PBXFileReference; lastKnownFileType = sourcecode.c.objc; path = HomeViewController.m; sourceTree = "<group>"; };
		184646C31B662C200000C09E /* Base */ = {isa = PBXFileReference; lastKnownFileType = file.storyboard; name = Base; path = Base.lproj/Main.storyboard; sourceTree = "<group>"; };
		184646C51B662C200000C09E /* Images.xcassets */ = {isa = PBXFileReference; lastKnownFileType = folder.assetcatalog; path = Images.xcassets; sourceTree = "<group>"; };
		184646C81B662C200000C09E /* Base */ = {isa = PBXFileReference; lastKnownFileType = file.xib; name = Base; path = Base.lproj/LaunchScreen.xib; sourceTree = "<group>"; };
		184646CE1B662C200000C09E /* 3CMForUserTests.xctest */ = {isa = PBXFileReference; explicitFileType = wrapper.cfbundle; includeInIndex = 0; path = 3CMForUserTests.xctest; sourceTree = BUILT_PRODUCTS_DIR; };
		184646D31B662C200000C09E /* Info.plist */ = {isa = PBXFileReference; lastKnownFileType = text.plist.xml; path = Info.plist; sourceTree = "<group>"; };
		184646D41B662C200000C09E /* _CMForUserTests.m */ = {isa = PBXFileReference; lastKnownFileType = sourcecode.c.objc; path = _CMForUserTests.m; sourceTree = "<group>"; };
		184646DE1B662E4E0000C09E /* PrefixHeader.pch */ = {isa = PBXFileReference; lastKnownFileType = sourcecode.c.h; path = PrefixHeader.pch; sourceTree = "<group>"; };
		184646DF1B662EBE0000C09E /* GlobalConstants.h */ = {isa = PBXFileReference; lastKnownFileType = sourcecode.c.h; path = GlobalConstants.h; sourceTree = "<group>"; };
		184646E01B662FF20000C09E /* CMDataManager.h */ = {isa = PBXFileReference; fileEncoding = 4; lastKnownFileType = sourcecode.c.h; path = CMDataManager.h; sourceTree = "<group>"; };
		184646E11B662FF20000C09E /* CMDataManager.m */ = {isa = PBXFileReference; fileEncoding = 4; lastKnownFileType = sourcecode.c.objc; path = CMDataManager.m; sourceTree = "<group>"; };
		184646E31B6630990000C09E /* CMAPI.h */ = {isa = PBXFileReference; fileEncoding = 4; lastKnownFileType = sourcecode.c.h; path = CMAPI.h; sourceTree = "<group>"; };
		184646E41B6630990000C09E /* CMAPI.m */ = {isa = PBXFileReference; fileEncoding = 4; lastKnownFileType = sourcecode.c.objc; path = CMAPI.m; sourceTree = "<group>"; };
		418335A68BDA326BEB0420AC /* libPods.a */ = {isa = PBXFileReference; explicitFileType = archive.ar; includeInIndex = 0; path = libPods.a; sourceTree = BUILT_PRODUCTS_DIR; };
		D8534E0618D655CED9FFFC4F /* Pods.release.xcconfig */ = {isa = PBXFileReference; includeInIndex = 1; lastKnownFileType = text.xcconfig; name = Pods.release.xcconfig; path = "Pods/Target Support Files/Pods/Pods.release.xcconfig"; sourceTree = "<group>"; };
		FA214A291BD85B3A253098F5 /* Pods.debug.xcconfig */ = {isa = PBXFileReference; includeInIndex = 1; lastKnownFileType = text.xcconfig; name = Pods.debug.xcconfig; path = "Pods/Target Support Files/Pods/Pods.debug.xcconfig"; sourceTree = "<group>"; };
/* End PBXFileReference section */

/* Begin PBXFrameworksBuildPhase section */
		184646B21B662C200000C09E /* Frameworks */ = {
			isa = PBXFrameworksBuildPhase;
			buildActionMask = 2147483647;
			files = (
				47145F87801564A91F1B9EFC /* libPods.a in Frameworks */,
			);
			runOnlyForDeploymentPostprocessing = 0;
		};
		184646CB1B662C200000C09E /* Frameworks */ = {
			isa = PBXFrameworksBuildPhase;
			buildActionMask = 2147483647;
			files = (
			);
			runOnlyForDeploymentPostprocessing = 0;
		};
/* End PBXFrameworksBuildPhase section */

/* Begin PBXGroup section */
		184646AC1B662C200000C09E = {
			isa = PBXGroup;
			children = (
				184646B71B662C200000C09E /* 3CMForUser */,
				184646D11B662C200000C09E /* 3CMForUserTests */,
				184646B61B662C200000C09E /* Products */,
				4B38DCBC834E57CB81A594BD /* Pods */,
				C2D18A9B7C9E0E261F18CBAB /* Frameworks */,
			);
			sourceTree = "<group>";
		};
		184646B61B662C200000C09E /* Products */ = {
			isa = PBXGroup;
			children = (
				184646B51B662C200000C09E /* 3CMForUser.app */,
				184646CE1B662C200000C09E /* 3CMForUserTests.xctest */,
			);
			name = Products;
			sourceTree = "<group>";
		};
		184646B71B662C200000C09E /* 3CMForUser */ = {
			isa = PBXGroup;
			children = (
				184646BC1B662C200000C09E /* AppDelegate.h */,
				184646BD1B662C200000C09E /* AppDelegate.m */,
				184646BF1B662C200000C09E /* HomeViewController.h */,
				184646C01B662C200000C09E /* HomeViewController.m */,
				184646DF1B662EBE0000C09E /* GlobalConstants.h */,
				184646E01B662FF20000C09E /* CMDataManager.h */,
				184646E11B662FF20000C09E /* CMDataManager.m */,
				184646E31B6630990000C09E /* CMAPI.h */,
				184646E41B6630990000C09E /* CMAPI.m */,
				184646C21B662C200000C09E /* Main.storyboard */,
				184646C51B662C200000C09E /* Images.xcassets */,
				184646C71B662C200000C09E /* LaunchScreen.xib */,
				184646B81B662C200000C09E /* Supporting Files */,
			);
			path = 3CMForUser;
			sourceTree = "<group>";
		};
		184646B81B662C200000C09E /* Supporting Files */ = {
			isa = PBXGroup;
			children = (
				184646B91B662C200000C09E /* Info.plist */,
				184646DE1B662E4E0000C09E /* PrefixHeader.pch */,
				184646BA1B662C200000C09E /* main.m */,
			);
			name = "Supporting Files";
			sourceTree = "<group>";
		};
		184646D11B662C200000C09E /* 3CMForUserTests */ = {
			isa = PBXGroup;
			children = (
				184646D41B662C200000C09E /* _CMForUserTests.m */,
				184646D21B662C200000C09E /* Supporting Files */,
			);
			path = 3CMForUserTests;
			sourceTree = "<group>";
		};
		184646D21B662C200000C09E /* Supporting Files */ = {
			isa = PBXGroup;
			children = (
				184646D31B662C200000C09E /* Info.plist */,
			);
			name = "Supporting Files";
			sourceTree = "<group>";
		};
		4B38DCBC834E57CB81A594BD /* Pods */ = {
			isa = PBXGroup;
			children = (
				FA214A291BD85B3A253098F5 /* Pods.debug.xcconfig */,
				D8534E0618D655CED9FFFC4F /* Pods.release.xcconfig */,
			);
			name = Pods;
			sourceTree = "<group>";
		};
		C2D18A9B7C9E0E261F18CBAB /* Frameworks */ = {
			isa = PBXGroup;
			children = (
				418335A68BDA326BEB0420AC /* libPods.a */,
			);
			name = Frameworks;
			sourceTree = "<group>";
		};
/* End PBXGroup section */

/* Begin PBXNativeTarget section */
		184646B41B662C200000C09E /* 3CMForUser */ = {
			isa = PBXNativeTarget;
			buildConfigurationList = 184646D81B662C200000C09E /* Build configuration list for PBXNativeTarget "3CMForUser" */;
			buildPhases = (
				973348E785056E60DC3056B3 /* Check Pods Manifest.lock */,
				184646B11B662C200000C09E /* Sources */,
				184646B21B662C200000C09E /* Frameworks */,
				184646B31B662C200000C09E /* Resources */,
				2BA6251D3DFFE18D084776B8 /* Copy Pods Resources */,
			);
			buildRules = (
			);
			dependencies = (
			);
			name = 3CMForUser;
			productName = 3CMForUser;
			productReference = 184646B51B662C200000C09E /* 3CMForUser.app */;
			productType = "com.apple.product-type.application";
		};
		184646CD1B662C200000C09E /* 3CMForUserTests */ = {
			isa = PBXNativeTarget;
			buildConfigurationList = 184646DB1B662C200000C09E /* Build configuration list for PBXNativeTarget "3CMForUserTests" */;
			buildPhases = (
				184646CA1B662C200000C09E /* Sources */,
				184646CB1B662C200000C09E /* Frameworks */,
				184646CC1B662C200000C09E /* Resources */,
			);
			buildRules = (
			);
			dependencies = (
				184646D01B662C200000C09E /* PBXTargetDependency */,
			);
			name = 3CMForUserTests;
			productName = 3CMForUserTests;
			productReference = 184646CE1B662C200000C09E /* 3CMForUserTests.xctest */;
			productType = "com.apple.product-type.bundle.unit-test";
		};
/* End PBXNativeTarget section */

/* Begin PBXProject section */
		184646AD1B662C200000C09E /* Project object */ = {
			isa = PBXProject;
			attributes = {
				LastUpgradeCheck = 0630;
				ORGANIZATIONNAME = apple;
				TargetAttributes = {
					184646B41B662C200000C09E = {
						CreatedOnToolsVersion = 6.3;
					};
					184646CD1B662C200000C09E = {
						CreatedOnToolsVersion = 6.3;
						TestTargetID = 184646B41B662C200000C09E;
					};
				};
			};
			buildConfigurationList = 184646B01B662C200000C09E /* Build configuration list for PBXProject "3CMForUser" */;
			compatibilityVersion = "Xcode 3.2";
			developmentRegion = English;
			hasScannedForEncodings = 0;
			knownRegions = (
				en,
				Base,
			);
			mainGroup = 184646AC1B662C200000C09E;
			productRefGroup = 184646B61B662C200000C09E /* Products */;
			projectDirPath = "";
			projectRoot = "";
			targets = (
				184646B41B662C200000C09E /* 3CMForUser */,
				184646CD1B662C200000C09E /* 3CMForUserTests */,
			);
		};
/* End PBXProject section */

/* Begin PBXResourcesBuildPhase section */
		184646B31B662C200000C09E /* Resources */ = {
			isa = PBXResourcesBuildPhase;
			buildActionMask = 2147483647;
			files = (
				184646C41B662C200000C09E /* Main.storyboard in Resources */,
				184646C91B662C200000C09E /* LaunchScreen.xib in Resources */,
				184646C61B662C200000C09E /* Images.xcassets in Resources */,
			);
			runOnlyForDeploymentPostprocessing = 0;
		};
		184646CC1B662C200000C09E /* Resources */ = {
			isa = PBXResourcesBuildPhase;
			buildActionMask = 2147483647;
			files = (
			);
			runOnlyForDeploymentPostprocessing = 0;
		};
/* End PBXResourcesBuildPhase section */

/* Begin PBXShellScriptBuildPhase section */
		2BA6251D3DFFE18D084776B8 /* Copy Pods Resources */ = {
			isa = PBXShellScriptBuildPhase;
			buildActionMask = 2147483647;
			files = (
			);
			inputPaths = (
			);
			name = "Copy Pods Resources";
			outputPaths = (
			);
			runOnlyForDeploymentPostprocessing = 0;
			shellPath = /bin/sh;
			shellScript = "\"${SRCROOT}/Pods/Target Support Files/Pods/Pods-resources.sh\"\n";
			showEnvVarsInLog = 0;
		};
		973348E785056E60DC3056B3 /* Check Pods Manifest.lock */ = {
			isa = PBXShellScriptBuildPhase;
			buildActionMask = 2147483647;
			files = (
			);
			inputPaths = (
			);
			name = "Check Pods Manifest.lock";
			outputPaths = (
			);
			runOnlyForDeploymentPostprocessing = 0;
			shellPath = /bin/sh;
			shellScript = "diff \"${PODS_ROOT}/../Podfile.lock\" \"${PODS_ROOT}/Manifest.lock\" > /dev/null\nif [[ $? != 0 ]] ; then\n    cat << EOM\nerror: The sandbox is not in sync with the Podfile.lock. Run 'pod install' or update your CocoaPods installation.\nEOM\n    exit 1\nfi\n";
			showEnvVarsInLog = 0;
		};
/* End PBXShellScriptBuildPhase section */

/* Begin PBXSourcesBuildPhase section */
		184646B11B662C200000C09E /* Sources */ = {
			isa = PBXSourcesBuildPhase;
			buildActionMask = 2147483647;
			files = (
				184646E51B6630990000C09E /* CMAPI.m in Sources */,
				184646C11B662C200000C09E /* HomeViewController.m in Sources */,
				184646BE1B662C200000C09E /* AppDelegate.m in Sources */,
				184646BB1B662C200000C09E /* main.m in Sources */,
				184646E21B662FF20000C09E /* CMDataManager.m in Sources */,
			);
			runOnlyForDeploymentPostprocessing = 0;
		};
		184646CA1B662C200000C09E /* Sources */ = {
			isa = PBXSourcesBuildPhase;
			buildActionMask = 2147483647;
			files = (
				184646D51B662C200000C09E /* _CMForUserTests.m in Sources */,
			);
			runOnlyForDeploymentPostprocessing = 0;
		};
/* End PBXSourcesBuildPhase section */

/* Begin PBXTargetDependency section */
		184646D01B662C200000C09E /* PBXTargetDependency */ = {
			isa = PBXTargetDependency;
			target = 184646B41B662C200000C09E /* 3CMForUser */;
			targetProxy = 184646CF1B662C200000C09E /* PBXContainerItemProxy */;
		};
/* End PBXTargetDependency section */

/* Begin PBXVariantGroup section */
		184646C21B662C200000C09E /* Main.storyboard */ = {
			isa = PBXVariantGroup;
			children = (
				184646C31B662C200000C09E /* Base */,
			);
			name = Main.storyboard;
			sourceTree = "<group>";
		};
		184646C71B662C200000C09E /* LaunchScreen.xib */ = {
			isa = PBXVariantGroup;
			children = (
				184646C81B662C200000C09E /* Base */,
			);
			name = LaunchScreen.xib;
			sourceTree = "<group>";
		};
/* End PBXVariantGroup section */

/* Begin XCBuildConfiguration section */
		184646D61B662C200000C09E /* Debug */ = {
			isa = XCBuildConfiguration;
			buildSettings = {
				ALWAYS_SEARCH_USER_PATHS = NO;
				CLANG_CXX_LANGUAGE_STANDARD = "gnu++0x";
				CLANG_CXX_LIBRARY = "libc++";
				CLANG_ENABLE_MODULES = YES;
				CLANG_ENABLE_OBJC_ARC = YES;
				CLANG_WARN_BOOL_CONVERSION = YES;
				CLANG_WARN_CONSTANT_CONVERSION = YES;
				CLANG_WARN_DIRECT_OBJC_ISA_USAGE = YES_ERROR;
				CLANG_WARN_EMPTY_BODY = YES;
				CLANG_WARN_ENUM_CONVERSION = YES;
				CLANG_WARN_INT_CONVERSION = YES;
				CLANG_WARN_OBJC_ROOT_CLASS = YES_ERROR;
				CLANG_WARN_UNREACHABLE_CODE = YES;
				CLANG_WARN__DUPLICATE_METHOD_MATCH = YES;
				"CODE_SIGN_IDENTITY[sdk=iphoneos*]" = "iPhone Developer";
				COPY_PHASE_STRIP = NO;
				DEBUG_INFORMATION_FORMAT = "dwarf-with-dsym";
				ENABLE_STRICT_OBJC_MSGSEND = YES;
				GCC_C_LANGUAGE_STANDARD = gnu99;
				GCC_DYNAMIC_NO_PIC = NO;
				GCC_NO_COMMON_BLOCKS = YES;
				GCC_OPTIMIZATION_LEVEL = 0;
				GCC_PREPROCESSOR_DEFINITIONS = (
					"DEBUG=1",
					"$(inherited)",
				);
				GCC_SYMBOLS_PRIVATE_EXTERN = NO;
				GCC_WARN_64_TO_32_BIT_CONVERSION = YES;
				GCC_WARN_ABOUT_RETURN_TYPE = YES_ERROR;
				GCC_WARN_UNDECLARED_SELECTOR = YES;
				GCC_WARN_UNINITIALIZED_AUTOS = YES_AGGRESSIVE;
				GCC_WARN_UNUSED_FUNCTION = YES;
				GCC_WARN_UNUSED_VARIABLE = YES;
				IPHONEOS_DEPLOYMENT_TARGET = 8.3;
				MTL_ENABLE_DEBUG_INFO = YES;
				ONLY_ACTIVE_ARCH = YES;
				SDKROOT = iphoneos;
				TARGETED_DEVICE_FAMILY = "1,2";
			};
			name = Debug;
		};
		184646D71B662C200000C09E /* Release */ = {
			isa = XCBuildConfiguration;
			buildSettings = {
				ALWAYS_SEARCH_USER_PATHS = NO;
				CLANG_CXX_LANGUAGE_STANDARD = "gnu++0x";
				CLANG_CXX_LIBRARY = "libc++";
				CLANG_ENABLE_MODULES = YES;
				CLANG_ENABLE_OBJC_ARC = YES;
				CLANG_WARN_BOOL_CONVERSION = YES;
				CLANG_WARN_CONSTANT_CONVERSION = YES;
				CLANG_WARN_DIRECT_OBJC_ISA_USAGE = YES_ERROR;
				CLANG_WARN_EMPTY_BODY = YES;
				CLANG_WARN_ENUM_CONVERSION = YES;
				CLANG_WARN_INT_CONVERSION = YES;
				CLANG_WARN_OBJC_ROOT_CLASS = YES_ERROR;
				CLANG_WARN_UNREACHABLE_CODE = YES;
				CLANG_WARN__DUPLICATE_METHOD_MATCH = YES;
				"CODE_SIGN_IDENTITY[sdk=iphoneos*]" = "iPhone Developer";
				COPY_PHASE_STRIP = NO;
				DEBUG_INFORMATION_FORMAT = "dwarf-with-dsym";
				ENABLE_NS_ASSERTIONS = NO;
				ENABLE_STRICT_OBJC_MSGSEND = YES;
				GCC_C_LANGUAGE_STANDARD = gnu99;
				GCC_NO_COMMON_BLOCKS = YES;
				GCC_WARN_64_TO_32_BIT_CONVERSION = YES;
				GCC_WARN_ABOUT_RETURN_TYPE = YES_ERROR;
				GCC_WARN_UNDECLARED_SELECTOR = YES;
				GCC_WARN_UNINITIALIZED_AUTOS = YES_AGGRESSIVE;
				GCC_WARN_UNUSED_FUNCTION = YES;
				GCC_WARN_UNUSED_VARIABLE = YES;
				IPHONEOS_DEPLOYMENT_TARGET = 8.3;
				MTL_ENABLE_DEBUG_INFO = NO;
				SDKROOT = iphoneos;
				TARGETED_DEVICE_FAMILY = "1,2";
				VALIDATE_PRODUCT = YES;
			};
			name = Release;
		};
		184646D91B662C200000C09E /* Debug */ = {
			isa = XCBuildConfiguration;
			baseConfigurationReference = FA214A291BD85B3A253098F5 /* Pods.debug.xcconfig */;
			buildSettings = {
				ASSETCATALOG_COMPILER_APPICON_NAME = AppIcon;
				INFOPLIST_FILE = 3CMForUser/Info.plist;
				LD_RUNPATH_SEARCH_PATHS = "$(inherited) @executable_path/Frameworks";
				PRODUCT_NAME = "$(TARGET_NAME)";
			};
			name = Debug;
		};
		184646DA1B662C200000C09E /* Release */ = {
			isa = XCBuildConfiguration;
			baseConfigurationReference = D8534E0618D655CED9FFFC4F /* Pods.release.xcconfig */;
			buildSettings = {
				ASSETCATALOG_COMPILER_APPICON_NAME = AppIcon;
				INFOPLIST_FILE = 3CMForUser/Info.plist;
				LD_RUNPATH_SEARCH_PATHS = "$(inherited) @executable_path/Frameworks";
				PRODUCT_NAME = "$(TARGET_NAME)";
			};
			name = Release;
		};
		184646DC1B662C200000C09E /* Debug */ = {
			isa = XCBuildConfiguration;
			buildSettings = {
				BUNDLE_LOADER = "$(TEST_HOST)";
				FRAMEWORK_SEARCH_PATHS = (
					"$(SDKROOT)/Developer/Library/Frameworks",
					"$(inherited)",
				);
				GCC_PREPROCESSOR_DEFINITIONS = (
					"DEBUG=1",
					"$(inherited)",
				);
				INFOPLIST_FILE = 3CMForUserTests/Info.plist;
				LD_RUNPATH_SEARCH_PATHS = "$(inherited) @executable_path/Frameworks @loader_path/Frameworks";
				PRODUCT_NAME = "$(TARGET_NAME)";
				TEST_HOST = "$(BUILT_PRODUCTS_DIR)/3CMForUser.app/3CMForUser";
			};
			name = Debug;
		};
		184646DD1B662C200000C09E /* Release */ = {
			isa = XCBuildConfiguration;
			buildSettings = {
				BUNDLE_LOADER = "$(TEST_HOST)";
				FRAMEWORK_SEARCH_PATHS = (
					"$(SDKROOT)/Developer/Library/Frameworks",
					"$(inherited)",
				);
				INFOPLIST_FILE = 3CMForUserTests/Info.plist;
				LD_RUNPATH_SEARCH_PATHS = "$(inherited) @executable_path/Frameworks @loader_path/Frameworks";
				PRODUCT_NAME = "$(TARGET_NAME)";
				TEST_HOST = "$(BUILT_PRODUCTS_DIR)/3CMForUser.app/3CMForUser";
			};
			name = Release;
		};
/* End XCBuildConfiguration section */

/* Begin XCConfigurationList section */
		184646B01B662C200000C09E /* Build configuration list for PBXProject "3CMForUser" */ = {
			isa = XCConfigurationList;
			buildConfigurations = (
				184646D61B662C200000C09E /* Debug */,
				184646D71B662C200000C09E /* Release */,
			);
			defaultConfigurationIsVisible = 0;
			defaultConfigurationName = Release;
		};
		184646D81B662C200000C09E /* Build configuration list for PBXNativeTarget "3CMForUser" */ = {
			isa = XCConfigurationList;
			buildConfigurations = (
				184646D91B662C200000C09E /* Debug */,
				184646DA1B662C200000C09E /* Release */,
			);
			defaultConfigurationIsVisible = 0;
			defaultConfigurationName = Release;
		};
		184646DB1B662C200000C09E /* Build configuration list for PBXNativeTarget "3CMForUserTests" */ = {
			isa = XCConfigurationList;
			buildConfigurations = (
				184646DC1B662C200000C09E /* Debug */,
				184646DD1B662C200000C09E /* Release */,
			);
			defaultConfigurationIsVisible = 0;
			defaultConfigurationName = Release;
		};
/* End XCConfigurationList section */
	};
	rootObject = 184646AD1B662C200000C09E /* Project object */;
}
